# This file is automatically @generated by Cargo.
# It is not intended for manual editing.
version = 3

[[package]]
name = "bumpme"
version = "0.1.0"
source = "git+https://github.com/RustyYato/bumpme.git?branch=main#702ddda07377d2b8ec66952f3956300147de2c89"

[[package]]
name = "context"
version = "0.1.0"
dependencies = [
 "bumpme",
 "init",
]

[[package]]
name = "init"
version = "0.1.0"
source = "git+https://github.com/RustyYato/init.git?branch=main#3833aa4330b253ebfdaff5815dc90d633f8a3b6a"
