# This file is automatically @generated by Cargo.
# It is not intended for manual editing.
version = 3

[[package]]
name = "bumpme"
version = "0.1.0"
source = "git+https://github.com/RustyYato/bumpme.git?branch=main#702ddda07377d2b8ec66952f3956300147de2c89"

[[package]]
name = "context"
version = "0.1.0"
dependencies = [
 "bumpme",
 "init",
 "rustc-hash",
]

[[package]]
name = "init"
version = "0.1.0"
source = "git+https://github.com/RustyYato/init.git?branch=main#3833aa4330b253ebfdaff5815dc90d633f8a3b6a"

[[package]]
name = "rustc-hash"
version = "1.1.0"
source = "registry+https://github.com/rust-lang/crates.io-index"
checksum = "08d43f7aa6b08d49f382cde6a7982047c3426db949b1424bc4b7ec9ae12c6ce2"
